{
  "requires": true,
  "lockfileVersion": 1,
  "dependencies": {
    "react-codemirror2": {
      "version": "6.0.0",
      "resolved": "https://registry.npmjs.org/react-codemirror2/-/react-codemirror2-6.0.0.tgz",
      "integrity": "sha512-D7y9qZ05FbUh9blqECaJMdDwKluQiO3A9xB+fssd5jKM7YAXucRuEOlX32mJQumUvHUkHRHqXIPBjm6g0FW0Ag=="
    },
    "uuid": {
      "version": "3.3.3",
      "resolved": "https://registry.npmjs.org/uuid/-/uuid-3.3.3.tgz",
      "integrity": "sha512-pW0No1RGHgzlpHJO1nsVrHKpOEIxkGg1xB+v0ZmdNH5OAeAwzAVrCnI2/6Mtx+Uys6iaylxa+D3g4j63IKKjSQ=="
    }
  }
}
